
Microsoft Visual Studio Solution File, Format Version 12.00
# Visual Studio Version 16
VisualStudioVersion = 16.0.31624.102
MinimumVisualStudioVersion = 10.0.40219.1
Project("{FAE04EC0-301F-11D3-BF4B-00C04F79EFBC}") = "WebApi", "WebApi\WebApi.csproj", "{83F94C2F-9075-43DC-BA0F-8C4DA59B726D}"
EndProject
Global
	GlobalSection(SolutionConfigurationPlatforms) = preSolution
		Debug|Any CPU = Debug|Any CPU
		Release|Any CPU = Release|Any CPU
	EndGlobalSection
	GlobalSection(ProjectConfigurationPlatforms) = postSolution
		{83F94C2F-9075-43DC-BA0F-8C4DA59B726D}.Debug|Any CPU.ActiveCfg = Debug|Any CPU
		{83F94C2F-9075-43DC-BA0F-8C4DA59B726D}.Debug|Any CPU.Build.0 = Debug|Any CPU
		{83F94C2F-9075-43DC-BA0F-8C4DA59B726D}.Release|Any CPU.ActiveCfg = Release|Any CPU
		{83F94C2F-9075-43DC-BA0F-8C4DA59B726D}.Release|Any CPU.Build.0 = Release|Any CPU
	EndGlobalSection
	GlobalSection(SolutionProperties) = preSolution
		HideSolutionNode = FALSE
	EndGlobalSection
	GlobalSection(ExtensibilityGlobals) = postSolution
		SolutionGuid = {C4FF682F-DAA9-4194-838B-D20490F9BCCD}
	EndGlobalSection
EndGlobal
